
Microsoft Visual Studio Solution File, Format Version 12.00
# Visual Studio Version 16
VisualStudioVersion = 16.0.32428.217
MinimumVisualStudioVersion = 10.0.40219.1
Project("{8BC9CEB8-8B4A-11D0-8D11-00A0C91BC942}") = "TANKI_ONLINE", "TANKI_ONLINE.vcxproj", "{381D6736-3281-4977-9C9B-EC8B40E7AFE9}"
EndProject
Global
	GlobalSection(SolutionConfigurationPlatforms) = preSolution
		Debug|x64 = Debug|x64
		Debug|x86 = Debug|x86
		Release|x64 = Release|x64
		Release|x86 = Release|x86
	EndGlobalSection
	GlobalSection(ProjectConfigurationPlatforms) = postSolution
		{381D6736-3281-4977-9C9B-EC8B40E7AFE9}.Debug|x64.ActiveCfg = Debug|x64
		{381D6736-3281-4977-9C9B-EC8B40E7AFE9}.Debug|x64.Build.0 = Debug|x64
		{381D6736-3281-4977-9C9B-EC8B40E7AFE9}.Debug|x86.ActiveCfg = Debug|Win32
		{381D6736-3281-4977-9C9B-EC8B40E7AFE9}.Debug|x86.Build.0 = Debug|Win32
		{381D6736-3281-4977-9C9B-EC8B40E7AFE9}.Release|x64.ActiveCfg = Release|x64
		{381D6736-3281-4977-9C9B-EC8B40E7AFE9}.Release|x64.Build.0 = Release|x64
		{381D6736-3281-4977-9C9B-EC8B40E7AFE9}.Release|x86.ActiveCfg = Release|Win32
		{381D6736-3281-4977-9C9B-EC8B40E7AFE9}.Release|x86.Build.0 = Release|Win32
	EndGlobalSection
	GlobalSection(SolutionProperties) = preSolution
		HideSolutionNode = FALSE
	EndGlobalSection
	GlobalSection(ExtensibilityGlobals) = postSolution
		SolutionGuid = {676B47AC-4742-4174-A711-8C4498637506}
	EndGlobalSection
EndGlobal
